
Microsoft Visual Studio Solution File, Format Version 12.00
# Visual Studio Version 17
VisualStudioVersion = 17.3.32825.248
MinimumVisualStudioVersion = 10.0.40219.1
Project("{FAE04EC0-301F-11D3-BF4B-00C04F79EFBC}") = "CABLE_MANAGEMENT_PROJECT_EF", "CABLE_MANAGEMENT_PROJECT_EF\CABLE_MANAGEMENT_PROJECT_EF.csproj", "{B7FEB627-F1C0-4B59-9DE8-5099C89CECC4}"
EndProject
Project("{FAE04EC0-301F-11D3-BF4B-00C04F79EFBC}") = "OPERATION_LIBRARY", "OPERATION_LIBRARY\OPERATION_LIBRARY.csproj", "{6B83A5F1-81B0-400E-87B3-9A36240321C1}"
EndProject
Global
	GlobalSection(SolutionConfigurationPlatforms) = preSolution
		Debug|Any CPU = Debug|Any CPU
		Release|Any CPU = Release|Any CPU
	EndGlobalSection
	GlobalSection(ProjectConfigurationPlatforms) = postSolution
		{B7FEB627-F1C0-4B59-9DE8-5099C89CECC4}.Debug|Any CPU.ActiveCfg = Debug|Any CPU
		{B7FEB627-F1C0-4B59-9DE8-5099C89CECC4}.Debug|Any CPU.Build.0 = Debug|Any CPU
		{B7FEB627-F1C0-4B59-9DE8-5099C89CECC4}.Release|Any CPU.ActiveCfg = Release|Any CPU
		{B7FEB627-F1C0-4B59-9DE8-5099C89CECC4}.Release|Any CPU.Build.0 = Release|Any CPU
		{6B83A5F1-81B0-400E-87B3-9A36240321C1}.Debug|Any CPU.ActiveCfg = Debug|Any CPU
		{6B83A5F1-81B0-400E-87B3-9A36240321C1}.Debug|Any CPU.Build.0 = Debug|Any CPU
		{6B83A5F1-81B0-400E-87B3-9A36240321C1}.Release|Any CPU.ActiveCfg = Release|Any CPU
		{6B83A5F1-81B0-400E-87B3-9A36240321C1}.Release|Any CPU.Build.0 = Release|Any CPU
	EndGlobalSection
	GlobalSection(SolutionProperties) = preSolution
		HideSolutionNode = FALSE
	EndGlobalSection
	GlobalSection(ExtensibilityGlobals) = postSolution
		SolutionGuid = {1ED4D74D-26F5-4B7E-86A4-349BEB59B6C0}
	EndGlobalSection
EndGlobal
